
Microsoft Visual Studio Solution File, Format Version 12.00
# Visual Studio Version 17
VisualStudioVersion = 17.3.32929.385
MinimumVisualStudioVersion = 10.0.40219.1
Project("{FAE04EC0-301F-11D3-BF4B-00C04F79EFBC}") = "SomadorConcilig2023", "SomadorConcilig2023\SomadorConcilig2023.csproj", "{F54C76F5-63F6-46AD-AB72-5D1BD537012B}"
EndProject
Global
	GlobalSection(SolutionConfigurationPlatforms) = preSolution
		Debug|Any CPU = Debug|Any CPU
		Release|Any CPU = Release|Any CPU
	EndGlobalSection
	GlobalSection(ProjectConfigurationPlatforms) = postSolution
		{F54C76F5-63F6-46AD-AB72-5D1BD537012B}.Debug|Any CPU.ActiveCfg = Debug|Any CPU
		{F54C76F5-63F6-46AD-AB72-5D1BD537012B}.Debug|Any CPU.Build.0 = Debug|Any CPU
		{F54C76F5-63F6-46AD-AB72-5D1BD537012B}.Release|Any CPU.ActiveCfg = Release|Any CPU
		{F54C76F5-63F6-46AD-AB72-5D1BD537012B}.Release|Any CPU.Build.0 = Release|Any CPU
	EndGlobalSection
	GlobalSection(SolutionProperties) = preSolution
		HideSolutionNode = FALSE
	EndGlobalSection
	GlobalSection(ExtensibilityGlobals) = postSolution
		SolutionGuid = {C2ABC330-F230-4DC0-AFF5-B931DE62E52F}
	EndGlobalSection
EndGlobal
